<?xml version="1.0" encoding="utf-8"?>
<Project ToolsVersion="4.0" xmlns="http://schemas.microsoft.com/developer/msbuild/2003">
  <ItemGroup>
    <ClInclude Include="..\include\fixpp\dsl.h" />
    <ClInclude Include="..\include\fixpp\meta.h" />
    <ClInclude Include="..\include\fixpp\streambuf.h" />
    <ClInclude Include="..\include\fixpp\tag.h" />
    <ClInclude Include="..\include\fixpp\visitor.h" />
    <ClInclude Include="..\include\fixpp\writer.h" />
    <ClInclude Include="..\include\fixpp\dsl\details\unwrap.h">
      <Filter>dsl\details</Filter>
    </ClInclude>
    <ClInclude Include="..\include\fixpp\dsl\details\flatten.h">
      <Filter>dsl\details</Filter>
    </ClInclude>
    <ClInclude Include="..\include\fixpp\dsl\details\lexical_cast.h">
      <Filter>dsl\details</Filter>
    </ClInclude>
    <ClInclude Include="..\include\fixpp\dsl\details\traits.h">
      <Filter>dsl\details</Filter>
    </ClInclude>
    <ClInclude Include="..\include\fixpp\dsl\component_block.h">
      <Filter>dsl</Filter>
    </ClInclude>
    <ClInclude Include="..\include\fixpp\dsl\extensions.h">
      <Filter>dsl</Filter>
    </ClInclude>
    <ClInclude Include="..\include\fixpp\dsl\field.h">
      <Filter>dsl</Filter>
    </ClInclude>
    <ClInclude Include="..\include\fixpp\dsl\message.h">
      <Filter>dsl</Filter>
    </ClInclude>
    <ClInclude Include="..\include\fixpp\dsl\repeating_group.h">
      <Filter>dsl</Filter>
    </ClInclude>
    <ClInclude Include="..\include\fixpp\dsl\required.h">
      <Filter>dsl</Filter>
    </ClInclude>
    <ClInclude Include="..\include\fixpp\utils\cursor.h">
      <Filter>utils</Filter>
    </ClInclude>
    <ClInclude Include="..\include\fixpp\versions\base.h">
      <Filter>versions</Filter>
    </ClInclude>
    <ClInclude Include="..\include\fixpp\versions\v42.h">
      <Filter>versions</Filter>
    </ClInclude>
    <ClInclude Include="..\include\fixpp\versions\v44.h">
      <Filter>versions</Filter>
    </ClInclude>
    <ClInclude Include="..\include\fixpp\versions\v44\messages.h">
      <Filter>versions\v44</Filter>
    </ClInclude>
    <ClInclude Include="..\include\fixpp\utils\result.h">
      <Filter>utils</Filter>
    </ClInclude>
    <ClInclude Include="..\include\fixpp\utils\soh.h">
      <Filter>utils</Filter>
    </ClInclude>
    <ClInclude Include="..\include\fixpp\compiler\warning.h">
      <Filter>compiler</Filter>
    </ClInclude>
    <ClInclude Include="..\include\fixpp\dsl\details\chars.h">
      <Filter>dsl\details</Filter>
    </ClInclude>
    <ClInclude Include="..\include\fixpp\message_type.h" />
    <ClInclude Include="..\include\fixpp\versions\v44\dict.h">
      <Filter>versions\v44</Filter>
    </ClInclude>
    <ClInclude Include="..\include\fixpp\versions\v44\version.h">
      <Filter>versions\v44</Filter>
    </ClInclude>
    <ClInclude Include="..\include\fixpp\versions\v44\component_blocks.h">
      <Filter>versions\v44\messages</Filter>
    </ClInclude>
    <ClInclude Include="..\include\fixpp\versions\v44\messages\application.h">
      <Filter>versions\v44\messages</Filter>
    </ClInclude>
    <ClInclude Include="..\include\fixpp\versions\v43\dict.h">
      <Filter>versions\v43</Filter>
    </ClInclude>
    <ClInclude Include="..\include\fixpp\versions\v43\version.h">
      <Filter>versions\v43</Filter>
    </ClInclude>
    <ClInclude Include="..\include\fixpp\versions\v43\messages.h">
      <Filter>versions\v43</Filter>
    </ClInclude>
    <ClInclude Include="..\include\fixpp\versions\v43\component_blocks.h">
      <Filter>versions\v43</Filter>
    </ClInclude>
    <ClInclude Include="..\include\fixpp\versions\v42\dict.h">
      <Filter>versions\v42</Filter>
    </ClInclude>
    <ClInclude Include="..\include\fixpp\versions\v42\messages.h">
      <Filter>versions\v42</Filter>
    </ClInclude>
    <ClInclude Include="..\include\fixpp\versions\v42\version.h">
      <Filter>versions\v42</Filter>
    </ClInclude>
    <ClInclude Include="..\include\fixpp\versions\v43\messages\application.h">
      <Filter>versions\v43\messages</Filter>
    </ClInclude>
    <ClInclude Include="..\include\fixpp\versions\v43\messages\session.h">
      <Filter>versions\v43\messages</Filter>
    </ClInclude>
    <ClInclude Include="..\include\fixpp\versions\v42\messages\application.h">
      <Filter>versions\v42\messages</Filter>
    </ClInclude>
    <ClInclude Include="..\include\fixpp\versions\v42\messages\session.h">
      <Filter>versions\v42\messages</Filter>
    </ClInclude>
    <ClInclude Include="..\include\fixpp\versions\v44\messages\session.h">
      <Filter>versions\v44\messages</Filter>
    </ClInclude>
  </ItemGroup>
  <ItemGroup>
    <Filter Include="dsl">
      <UniqueIdentifier>{3bb45418-09f1-4fd9-a9f4-a5115782db9c}</UniqueIdentifier>
    </Filter>
    <Filter Include="dsl\details">
      <UniqueIdentifier>{e9a99c88-6c8b-4ddd-89e2-9ff925ec5c72}</UniqueIdentifier>
    </Filter>
    <Filter Include="utils">
      <UniqueIdentifier>{85dd9f5b-8fb8-487a-a111-da1e439e3c5f}</UniqueIdentifier>
    </Filter>
    <Filter Include="versions">
      <UniqueIdentifier>{37058f85-2f9d-4848-b3ba-cff60a0a9457}</UniqueIdentifier>
    </Filter>
    <Filter Include="versions\v44">
      <UniqueIdentifier>{e33be17c-4803-47f3-b424-84689373822e}</UniqueIdentifier>
    </Filter>
    <Filter Include="compiler">
      <UniqueIdentifier>{0475c813-dab1-4c54-9c8b-55de284450e4}</UniqueIdentifier>
    </Filter>
    <Filter Include="versions\v44\messages">
      <UniqueIdentifier>{f1fdb116-2426-4e99-841a-677be69cac83}</UniqueIdentifier>
    </Filter>
    <Filter Include="versions\v43">
      <UniqueIdentifier>{222eed5b-cb66-4861-97c0-7597e48b231f}</UniqueIdentifier>
    </Filter>
    <Filter Include="versions\v42">
      <UniqueIdentifier>{d1ee0b6a-9aaf-4533-9f99-7ed57c2883c9}</UniqueIdentifier>
    </Filter>
    <Filter Include="versions\v43\messages">
      <UniqueIdentifier>{e46dc957-6dd2-4dc8-a294-52c958b723d0}</UniqueIdentifier>
    </Filter>
    <Filter Include="versions\v42\messages">
      <UniqueIdentifier>{83b047e7-9d6d-4371-b67c-97a360844c06}</UniqueIdentifier>
    </Filter>
  </ItemGroup>
  <ItemGroup>
    <Text Include="..\src\CMakeLists.txt" />
  </ItemGroup>
</Project>