
Microsoft Visual Studio Solution File, Format Version 12.00
# Visual Studio 14
VisualStudioVersion = 14.0.25420.1
MinimumVisualStudioVersion = 10.0.40219.1
Project("{8BC9CEB8-8B4A-11D0-8D11-00A0C91BC942}") = "fixpp", "fixpp.vcxproj", "{A91C7D9D-F64A-4BC2-9162-83C3D1B912DB}"
EndProject
Project("{2150E333-8FDC-42A3-9474-1A3956D46DE8}") = "tests", "tests", "{314BF3A2-B24F-49ED-BD5A-D485B3D9FF96}"
EndProject
Project("{2150E333-8FDC-42A3-9474-1A3956D46DE8}") = "gtest", "gtest", "{F39FA11F-9CDA-4D0F-9E6B-89C4735E17EC}"
EndProject
Project("{8BC9CEB8-8B4A-11D0-8D11-00A0C91BC942}") = "gtest", "..\googletest-release-1.8.0\googletest\msvc\gtest.vcxproj", "{C8F6C172-56F2-4E76-B5FA-C3B423B31BE7}"
EndProject
Project("{8BC9CEB8-8B4A-11D0-8D11-00A0C91BC942}") = "fixpp_tests", "fixpp_tests.vcxproj", "{2BD28F8D-5CD5-487A-88BC-F9B9BE00B74E}"
EndProject
Global
	GlobalSection(SolutionConfigurationPlatforms) = preSolution
		Debug|x64 = Debug|x64
		Debug|x86 = Debug|x86
		Release|x64 = Release|x64
		Release|x86 = Release|x86
	EndGlobalSection
	GlobalSection(ProjectConfigurationPlatforms) = postSolution
		{A91C7D9D-F64A-4BC2-9162-83C3D1B912DB}.Debug|x64.ActiveCfg = Debug|x64
		{A91C7D9D-F64A-4BC2-9162-83C3D1B912DB}.Debug|x64.Build.0 = Debug|x64
		{A91C7D9D-F64A-4BC2-9162-83C3D1B912DB}.Debug|x86.ActiveCfg = Debug|x64
		{A91C7D9D-F64A-4BC2-9162-83C3D1B912DB}.Release|x64.ActiveCfg = Release|x64
		{A91C7D9D-F64A-4BC2-9162-83C3D1B912DB}.Release|x64.Build.0 = Release|x64
		{A91C7D9D-F64A-4BC2-9162-83C3D1B912DB}.Release|x86.ActiveCfg = Release|x64
		{C8F6C172-56F2-4E76-B5FA-C3B423B31BE7}.Debug|x64.ActiveCfg = Debug|x64
		{C8F6C172-56F2-4E76-B5FA-C3B423B31BE7}.Debug|x64.Build.0 = Debug|x64
		{C8F6C172-56F2-4E76-B5FA-C3B423B31BE7}.Debug|x86.ActiveCfg = Debug|x64
		{C8F6C172-56F2-4E76-B5FA-C3B423B31BE7}.Release|x64.ActiveCfg = Release|x64
		{C8F6C172-56F2-4E76-B5FA-C3B423B31BE7}.Release|x64.Build.0 = Release|x64
		{C8F6C172-56F2-4E76-B5FA-C3B423B31BE7}.Release|x86.ActiveCfg = Release|x64
		{2BD28F8D-5CD5-487A-88BC-F9B9BE00B74E}.Debug|x64.ActiveCfg = Debug|x64
		{2BD28F8D-5CD5-487A-88BC-F9B9BE00B74E}.Debug|x64.Build.0 = Debug|x64
		{2BD28F8D-5CD5-487A-88BC-F9B9BE00B74E}.Debug|x86.ActiveCfg = Debug|x64
		{2BD28F8D-5CD5-487A-88BC-F9B9BE00B74E}.Release|x64.ActiveCfg = Release|x64
		{2BD28F8D-5CD5-487A-88BC-F9B9BE00B74E}.Release|x64.Build.0 = Release|x64
		{2BD28F8D-5CD5-487A-88BC-F9B9BE00B74E}.Release|x86.ActiveCfg = Release|x64
	EndGlobalSection
	GlobalSection(SolutionProperties) = preSolution
		HideSolutionNode = FALSE
	EndGlobalSection
	GlobalSection(NestedProjects) = preSolution
		{C8F6C172-56F2-4E76-B5FA-C3B423B31BE7} = {F39FA11F-9CDA-4D0F-9E6B-89C4735E17EC}
		{2BD28F8D-5CD5-487A-88BC-F9B9BE00B74E} = {314BF3A2-B24F-49ED-BD5A-D485B3D9FF96}
	EndGlobalSection
EndGlobal
